// !$*UTF8*$!
{
	archiveVersion = 1;
	classes = {
	};
	objectVersion = 50;
	objects = {

/* Begin PBXBuildFile section */
		18468AE722C25EAC00161145 /* AppDelegate.swift in Sources */ = {isa = PBXBuildFile; fileRef = 18468AE622C25EAC00161145 /* AppDelegate.swift */; };
		18468AE922C25EAC00161145 /* ViewController.swift in Sources */ = {isa = PBXBuildFile; fileRef = 18468AE822C25EAC00161145 /* ViewController.swift */; };
		18468AEC22C25EAC00161145 /* Main.storyboard in Resources */ = {isa = PBXBuildFile; fileRef = 18468AEA22C25EAC00161145 /* Main.storyboard */; };
		18468AEF22C25EAC00161145 /* ViewFinder.xcdatamodeld in Sources */ = {isa = PBXBuildFile; fileRef = 18468AED22C25EAC00161145 /* ViewFinder.xcdatamodeld */; };
		18468AF122C25EAC00161145 /* Assets.xcassets in Resources */ = {isa = PBXBuildFile; fileRef = 18468AF022C25EAC00161145 /* Assets.xcassets */; };
		18468AF422C25EAC00161145 /* LaunchScreen.storyboard in Resources */ = {isa = PBXBuildFile; fileRef = 18468AF222C25EAC00161145 /* LaunchScreen.storyboard */; };
		18468AFF22C25EAC00161145 /* ViewFinderTests.swift in Sources */ = {isa = PBXBuildFile; fileRef = 18468AFE22C25EAC00161145 /* ViewFinderTests.swift */; };
		18468B0A22C25EAC00161145 /* ViewFinderUITests.swift in Sources */ = {isa = PBXBuildFile; fileRef = 18468B0922C25EAC00161145 /* ViewFinderUITests.swift */; };
/* End PBXBuildFile section */

/* Begin PBXContainerItemProxy section */
		18468AFB22C25EAC00161145 /* PBXContainerItemProxy */ = {
			isa = PBXContainerItemProxy;
			containerPortal = 18468ADB22C25EAB00161145 /* Project object */;
			proxyType = 1;
			remoteGlobalIDString = 18468AE222C25EAC00161145;
			remoteInfo = ViewFinder;
		};
		18468B0622C25EAC00161145 /* PBXContainerItemProxy */ = {
			isa = PBXContainerItemProxy;
			containerPortal = 18468ADB22C25EAB00161145 /* Project object */;
			proxyType = 1;
			remoteGlobalIDString = 18468AE222C25EAC00161145;
			remoteInfo = ViewFinder;
		};
/* End PBXContainerItemProxy section */

/* Begin PBXFileReference section */
		18468AE322C25EAC00161145 /* ViewFinder.app */ = {isa = PBXFileReference; explicitFileType = wrapper.application; includeInIndex = 0; path = ViewFinder.app; sourceTree = BUILT_PRODUCTS_DIR; };
		18468AE622C25EAC00161145 /* AppDelegate.swift */ = {isa = PBXFileReference; lastKnownFileType = sourcecode.swift; path = AppDelegate.swift; sourceTree = "<group>"; };
		18468AE822C25EAC00161145 /* ViewController.swift */ = {isa = PBXFileReference; lastKnownFileType = sourcecode.swift; path = ViewController.swift; sourceTree = "<group>"; };
		18468AEB22C25EAC00161145 /* Base */ = {isa = PBXFileReference; lastKnownFileType = file.storyboard; name = Base; path = Base.lproj/Main.storyboard; sourceTree = "<group>"; };
		18468AEE22C25EAC00161145 /* ViewFinder.xcdatamodel */ = {isa = PBXFileReference; lastKnownFileType = wrapper.xcdatamodel; path = ViewFinder.xcdatamodel; sourceTree = "<group>"; };
		18468AF022C25EAC00161145 /* Assets.xcassets */ = {isa = PBXFileReference; lastKnownFileType = folder.assetcatalog; path = Assets.xcassets; sourceTree = "<group>"; };
		18468AF322C25EAC00161145 /* Base */ = {isa = PBXFileReference; lastKnownFileType = file.storyboard; name = Base; path = Base.lproj/LaunchScreen.storyboard; sourceTree = "<group>"; };
		18468AF522C25EAC00161145 /* Info.plist */ = {isa = PBXFileReference; lastKnownFileType = text.plist.xml; path = Info.plist; sourceTree = "<group>"; };
		18468AFA22C25EAC00161145 /* ViewFinderTests.xctest */ = {isa = PBXFileReference; explicitFileType = wrapper.cfbundle; includeInIndex = 0; path = ViewFinderTests.xctest; sourceTree = BUILT_PRODUCTS_DIR; };
		18468AFE22C25EAC00161145 /* ViewFinderTests.swift */ = {isa = PBXFileReference; lastKnownFileType = sourcecode.swift; path = ViewFinderTests.swift; sourceTree = "<group>"; };
		18468B0022C25EAC00161145 /* Info.plist */ = {isa = PBXFileReference; lastKnownFileType = text.plist.xml; path = Info.plist; sourceTree = "<group>"; };
		18468B0522C25EAC00161145 /* ViewFinderUITests.xctest */ = {isa = PBXFileReference; explicitFileType = wrapper.cfbundle; includeInIndex = 0; path = ViewFinderUITests.xctest; sourceTree = BUILT_PRODUCTS_DIR; };
		18468B0922C25EAC00161145 /* ViewFinderUITests.swift */ = {isa = PBXFileReference; lastKnownFileType = sourcecode.swift; path = ViewFinderUITests.swift; sourceTree = "<group>"; };
		18468B0B22C25EAC00161145 /* Info.plist */ = {isa = PBXFileReference; lastKnownFileType = text.plist.xml; path = Info.plist; sourceTree = "<group>"; };
/* End PBXFileReference section */

/* Begin PBXFrameworksBuildPhase section */
		18468AE022C25EAC00161145 /* Frameworks */ = {
			isa = PBXFrameworksBuildPhase;
			buildActionMask = 2147483647;
			files = (
			);
			runOnlyForDeploymentPostprocessing = 0;
		};
		18468AF722C25EAC00161145 /* Frameworks */ = {
			isa = PBXFrameworksBuildPhase;
			buildActionMask = 2147483647;
			files = (
			);
			runOnlyForDeploymentPostprocessing = 0;
		};
		18468B0222C25EAC00161145 /* Frameworks */ = {
			isa = PBXFrameworksBuildPhase;
			buildActionMask = 2147483647;
			files = (
			);
			runOnlyForDeploymentPostprocessing = 0;
		};
/* End PBXFrameworksBuildPhase section */

/* Begin PBXGroup section */
		18468ADA22C25EAB00161145 = {
			isa = PBXGroup;
			children = (
				18468AE522C25EAC00161145 /* ViewFinder */,
				18468AFD22C25EAC00161145 /* ViewFinderTests */,
				18468B0822C25EAC00161145 /* ViewFinderUITests */,
				18468AE422C25EAC00161145 /* Products */,
			);
			sourceTree = "<group>";
		};
		18468AE422C25EAC00161145 /* Products */ = {
			isa = PBXGroup;
			children = (
				18468AE322C25EAC00161145 /* ViewFinder.app */,
				18468AFA22C25EAC00161145 /* ViewFinderTests.xctest */,
				18468B0522C25EAC00161145 /* ViewFinderUITests.xctest */,
			);
			name = Products;
			sourceTree = "<group>";
		};
		18468AE522C25EAC00161145 /* ViewFinder */ = {
			isa = PBXGroup;
			children = (
				18468AE622C25EAC00161145 /* AppDelegate.swift */,
				18468AE822C25EAC00161145 /* ViewController.swift */,
				18468AEA22C25EAC00161145 /* Main.storyboard */,
				18468AF022C25EAC00161145 /* Assets.xcassets */,
				18468AF222C25EAC00161145 /* LaunchScreen.storyboard */,
				18468AF522C25EAC00161145 /* Info.plist */,
				18468AED22C25EAC00161145 /* ViewFinder.xcdatamodeld */,
			);
			path = ViewFinder;
			sourceTree = "<group>";
		};
		18468AFD22C25EAC00161145 /* ViewFinderTests */ = {
			isa = PBXGroup;
			children = (
				18468AFE22C25EAC00161145 /* ViewFinderTests.swift */,
				18468B0022C25EAC00161145 /* Info.plist */,
			);
			path = ViewFinderTests;
			sourceTree = "<group>";
		};
		18468B0822C25EAC00161145 /* ViewFinderUITests */ = {
			isa = PBXGroup;
			children = (
				18468B0922C25EAC00161145 /* ViewFinderUITests.swift */,
				18468B0B22C25EAC00161145 /* Info.plist */,
			);
			path = ViewFinderUITests;
			sourceTree = "<group>";
		};
/* End PBXGroup section */

/* Begin PBXNativeTarget section */
		18468AE222C25EAC00161145 /* ViewFinder */ = {
			isa = PBXNativeTarget;
			buildConfigurationList = 18468B0E22C25EAC00161145 /* Build configuration list for PBXNativeTarget "ViewFinder" */;
			buildPhases = (
				18468ADF22C25EAC00161145 /* Sources */,
				18468AE022C25EAC00161145 /* Frameworks */,
				18468AE122C25EAC00161145 /* Resources */,
			);
			buildRules = (
			);
			dependencies = (
			);
			name = ViewFinder;
			productName = ViewFinder;
			productReference = 18468AE322C25EAC00161145 /* ViewFinder.app */;
			productType = "com.apple.product-type.application";
		};
		18468AF922C25EAC00161145 /* ViewFinderTests */ = {
			isa = PBXNativeTarget;
			buildConfigurationList = 18468B1122C25EAC00161145 /* Build configuration list for PBXNativeTarget "ViewFinderTests" */;
			buildPhases = (
				18468AF622C25EAC00161145 /* Sources */,
				18468AF722C25EAC00161145 /* Frameworks */,
				18468AF822C25EAC00161145 /* Resources */,
			);
			buildRules = (
			);
			dependencies = (
				18468AFC22C25EAC00161145 /* PBXTargetDependency */,
			);
			name = ViewFinderTests;
			productName = ViewFinderTests;
			productReference = 18468AFA22C25EAC00161145 /* ViewFinderTests.xctest */;
			productType = "com.apple.product-type.bundle.unit-test";
		};
		18468B0422C25EAC00161145 /* ViewFinderUITests */ = {
			isa = PBXNativeTarget;
			buildConfigurationList = 18468B1422C25EAC00161145 /* Build configuration list for PBXNativeTarget "ViewFinderUITests" */;
			buildPhases = (
				18468B0122C25EAC00161145 /* Sources */,
				18468B0222C25EAC00161145 /* Frameworks */,
				18468B0322C25EAC00161145 /* Resources */,
			);
			buildRules = (
			);
			dependencies = (
				18468B0722C25EAC00161145 /* PBXTargetDependency */,
			);
			name = ViewFinderUITests;
			productName = ViewFinderUITests;
			productReference = 18468B0522C25EAC00161145 /* ViewFinderUITests.xctest */;
			productType = "com.apple.product-type.bundle.ui-testing";
		};
/* End PBXNativeTarget section */

/* Begin PBXProject section */
		18468ADB22C25EAB00161145 /* Project object */ = {
			isa = PBXProject;
			attributes = {
				LastSwiftUpdateCheck = 1020;
				LastUpgradeCheck = 1020;
				ORGANIZATIONNAME = Cg;
				TargetAttributes = {
					18468AE222C25EAC00161145 = {
						CreatedOnToolsVersion = 10.2.1;
					};
					18468AF922C25EAC00161145 = {
						CreatedOnToolsVersion = 10.2.1;
						TestTargetID = 18468AE222C25EAC00161145;
					};
					18468B0422C25EAC00161145 = {
						CreatedOnToolsVersion = 10.2.1;
						TestTargetID = 18468AE222C25EAC00161145;
					};
				};
			};
			buildConfigurationList = 18468ADE22C25EAB00161145 /* Build configuration list for PBXProject "ViewFinder" */;
			compatibilityVersion = "Xcode 9.3";
			developmentRegion = en;
			hasScannedForEncodings = 0;
			knownRegions = (
				en,
				Base,
			);
			mainGroup = 18468ADA22C25EAB00161145;
			productRefGroup = 18468AE422C25EAC00161145 /* Products */;
			projectDirPath = "";
			projectRoot = "";
			targets = (
				18468AE222C25EAC00161145 /* ViewFinder */,
				18468AF922C25EAC00161145 /* ViewFinderTests */,
				18468B0422C25EAC00161145 /* ViewFinderUITests */,
			);
		};
/* End PBXProject section */

/* Begin PBXResourcesBuildPhase section */
		18468AE122C25EAC00161145 /* Resources */ = {
			isa = PBXResourcesBuildPhase;
			buildActionMask = 2147483647;
			files = (
				18468AF422C25EAC00161145 /* LaunchScreen.storyboard in Resources */,
				18468AF122C25EAC00161145 /* Assets.xcassets in Resources */,
				18468AEC22C25EAC00161145 /* Main.storyboard in Resources */,
			);
			runOnlyForDeploymentPostprocessing = 0;
		};
		18468AF822C25EAC00161145 /* Resources */ = {
			isa = PBXResourcesBuildPhase;
			buildActionMask = 2147483647;
			files = (
			);
			runOnlyForDeploymentPostprocessing = 0;
		};
		18468B0322C25EAC00161145 /* Resources */ = {
			isa = PBXResourcesBuildPhase;
			buildActionMask = 2147483647;
			files = (
			);
			runOnlyForDeploymentPostprocessing = 0;
		};
/* End PBXResourcesBuildPhase section */

/* Begin PBXSourcesBuildPhase section */
		18468ADF22C25EAC00161145 /* Sources */ = {
			isa = PBXSourcesBuildPhase;
			buildActionMask = 2147483647;
			files = (
				18468AEF22C25EAC00161145 /* ViewFinder.xcdatamodeld in Sources */,
				18468AE922C25EAC00161145 /* ViewController.swift in Sources */,
				18468AE722C25EAC00161145 /* AppDelegate.swift in Sources */,
			);
			runOnlyForDeploymentPostprocessing = 0;
		};
		18468AF622C25EAC00161145 /* Sources */ = {
			isa = PBXSourcesBuildPhase;
			buildActionMask = 2147483647;
			files = (
				18468AFF22C25EAC00161145 /* ViewFinderTests.swift in Sources */,
			);
			runOnlyForDeploymentPostprocessing = 0;
		};
		18468B0122C25EAC00161145 /* Sources */ = {
			isa = PBXSourcesBuildPhase;
			buildActionMask = 2147483647;
			files = (
				18468B0A22C25EAC00161145 /* ViewFinderUITests.swift in Sources */,
			);
			runOnlyForDeploymentPostprocessing = 0;
		};
/* End PBXSourcesBuildPhase section */

/* Begin PBXTargetDependency section */
		18468AFC22C25EAC00161145 /* PBXTargetDependency */ = {
			isa = PBXTargetDependency;
			target = 18468AE222C25EAC00161145 /* ViewFinder */;
			targetProxy = 18468AFB22C25EAC00161145 /* PBXContainerItemProxy */;
		};
		18468B0722C25EAC00161145 /* PBXTargetDependency */ = {
			isa = PBXTargetDependency;
			target = 18468AE222C25EAC00161145 /* ViewFinder */;
			targetProxy = 18468B0622C25EAC00161145 /* PBXContainerItemProxy */;
		};
/* End PBXTargetDependency section */

/* Begin PBXVariantGroup section */
		18468AEA22C25EAC00161145 /* Main.storyboard */ = {
			isa = PBXVariantGroup;
			children = (
				18468AEB22C25EAC00161145 /* Base */,
			);
			name = Main.storyboard;
			sourceTree = "<group>";
		};
		18468AF222C25EAC00161145 /* LaunchScreen.storyboard */ = {
			isa = PBXVariantGroup;
			children = (
				18468AF322C25EAC00161145 /* Base */,
			);
			name = LaunchScreen.storyboard;
			sourceTree = "<group>";
		};
/* End PBXVariantGroup section */

/* Begin XCBuildConfiguration section */
		18468B0C22C25EAC00161145 /* Debug */ = {
			isa = XCBuildConfiguration;
			buildSettings = {
				ALWAYS_SEARCH_USER_PATHS = NO;
				CLANG_ANALYZER_NONNULL = YES;
				CLANG_ANALYZER_NUMBER_OBJECT_CONVERSION = YES_AGGRESSIVE;
				CLANG_CXX_LANGUAGE_STANDARD = "gnu++14";
				CLANG_CXX_LIBRARY = "libc++";
				CLANG_ENABLE_MODULES = YES;
				CLANG_ENABLE_OBJC_ARC = YES;
				CLANG_ENABLE_OBJC_WEAK = YES;
				CLANG_WARN_BLOCK_CAPTURE_AUTORELEASING = YES;
				CLANG_WARN_BOOL_CONVERSION = YES;
				CLANG_WARN_COMMA = YES;
				CLANG_WARN_CONSTANT_CONVERSION = YES;
				CLANG_WARN_DEPRECATED_OBJC_IMPLEMENTATIONS = YES;
				CLANG_WARN_DIRECT_OBJC_ISA_USAGE = YES_ERROR;
				CLANG_WARN_DOCUMENTATION_COMMENTS = YES;
				CLANG_WARN_EMPTY_BODY = YES;
				CLANG_WARN_ENUM_CONVERSION = YES;
				CLANG_WARN_INFINITE_RECURSION = YES;
				CLANG_WARN_INT_CONVERSION = YES;
				CLANG_WARN_NON_LITERAL_NULL_CONVERSION = YES;
				CLANG_WARN_OBJC_IMPLICIT_RETAIN_SELF = YES;
				CLANG_WARN_OBJC_LITERAL_CONVERSION = YES;
				CLANG_WARN_OBJC_ROOT_CLASS = YES_ERROR;
				CLANG_WARN_RANGE_LOOP_ANALYSIS = YES;
				CLANG_WARN_STRICT_PROTOTYPES = YES;
				CLANG_WARN_SUSPICIOUS_MOVE = YES;
				CLANG_WARN_UNGUARDED_AVAILABILITY = YES_AGGRESSIVE;
				CLANG_WARN_UNREACHABLE_CODE = YES;
				CLANG_WARN__DUPLICATE_METHOD_MATCH = YES;
				CODE_SIGN_IDENTITY = "iPhone Developer";
				COPY_PHASE_STRIP = NO;
				DEBUG_INFORMATION_FORMAT = dwarf;
				ENABLE_STRICT_OBJC_MSGSEND = YES;
				ENABLE_TESTABILITY = YES;
				GCC_C_LANGUAGE_STANDARD = gnu11;
				GCC_DYNAMIC_NO_PIC = NO;
				GCC_NO_COMMON_BLOCKS = YES;
				GCC_OPTIMIZATION_LEVEL = 0;
				GCC_PREPROCESSOR_DEFINITIONS = (
					"DEBUG=1",
					"$(inherited)",
				);
				GCC_WARN_64_TO_32_BIT_CONVERSION = YES;
				GCC_WARN_ABOUT_RETURN_TYPE = YES_ERROR;
				GCC_WARN_UNDECLARED_SELECTOR = YES;
				GCC_WARN_UNINITIALIZED_AUTOS = YES_AGGRESSIVE;
				GCC_WARN_UNUSED_FUNCTION = YES;
				GCC_WARN_UNUSED_VARIABLE = YES;
				IPHONEOS_DEPLOYMENT_TARGET = 12.2;
				MTL_ENABLE_DEBUG_INFO = INCLUDE_SOURCE;
				MTL_FAST_MATH = YES;
				ONLY_ACTIVE_ARCH = YES;
				SDKROOT = iphoneos;
				SWIFT_ACTIVE_COMPILATION_CONDITIONS = DEBUG;
				SWIFT_OPTIMIZATION_LEVEL = "-Onone";
			};
			name = Debug;
		};
		18468B0D22C25EAC00161145 /* Release */ = {
			isa = XCBuildConfiguration;
			buildSettings = {
				ALWAYS_SEARCH_USER_PATHS = NO;
				CLANG_ANALYZER_NONNULL = YES;
				CLANG_ANALYZER_NUMBER_OBJECT_CONVERSION = YES_AGGRESSIVE;
				CLANG_CXX_LANGUAGE_STANDARD = "gnu++14";
				CLANG_CXX_LIBRARY = "libc++";
				CLANG_ENABLE_MODULES = YES;
				CLANG_ENABLE_OBJC_ARC = YES;
				CLANG_ENABLE_OBJC_WEAK = YES;
				CLANG_WARN_BLOCK_CAPTURE_AUTORELEASING = YES;
				CLANG_WARN_BOOL_CONVERSION = YES;
				CLANG_WARN_COMMA = YES;
				CLANG_WARN_CONSTANT_CONVERSION = YES;
				CLANG_WARN_DEPRECATED_OBJC_IMPLEMENTATIONS = YES;
				CLANG_WARN_DIRECT_OBJC_ISA_USAGE = YES_ERROR;
				CLANG_WARN_DOCUMENTATION_COMMENTS = YES;
				CLANG_WARN_EMPTY_BODY = YES;
				CLANG_WARN_ENUM_CONVERSION = YES;
				CLANG_WARN_INFINITE_RECURSION = YES;
				CLANG_WARN_INT_CONVERSION = YES;
				CLANG_WARN_NON_LITERAL_NULL_CONVERSION = YES;
				CLANG_WARN_OBJC_IMPLICIT_RETAIN_SELF = YES;
				CLANG_WARN_OBJC_LITERAL_CONVERSION = YES;
				CLANG_WARN_OBJC_ROOT_CLASS = YES_ERROR;
				CLANG_WARN_RANGE_LOOP_ANALYSIS = YES;
				CLANG_WARN_STRICT_PROTOTYPES = YES;
				CLANG_WARN_SUSPICIOUS_MOVE = YES;
				CLANG_WARN_UNGUARDED_AVAILABILITY = YES_AGGRESSIVE;
				CLANG_WARN_UNREACHABLE_CODE = YES;
				CLANG_WARN__DUPLICATE_METHOD_MATCH = YES;
				CODE_SIGN_IDENTITY = "iPhone Developer";
				COPY_PHASE_STRIP = NO;
				DEBUG_INFORMATION_FORMAT = "dwarf-with-dsym";
				ENABLE_NS_ASSERTIONS = NO;
				ENABLE_STRICT_OBJC_MSGSEND = YES;
				GCC_C_LANGUAGE_STANDARD = gnu11;
				GCC_NO_COMMON_BLOCKS = YES;
				GCC_WARN_64_TO_32_BIT_CONVERSION = YES;
				GCC_WARN_ABOUT_RETURN_TYPE = YES_ERROR;
				GCC_WARN_UNDECLARED_SELECTOR = YES;
				GCC_WARN_UNINITIALIZED_AUTOS = YES_AGGRESSIVE;
				GCC_WARN_UNUSED_FUNCTION = YES;
				GCC_WARN_UNUSED_VARIABLE = YES;
				IPHONEOS_DEPLOYMENT_TARGET = 12.2;
				MTL_ENABLE_DEBUG_INFO = NO;
				MTL_FAST_MATH = YES;
				SDKROOT = iphoneos;
				SWIFT_COMPILATION_MODE = wholemodule;
				SWIFT_OPTIMIZATION_LEVEL = "-O";
				VALIDATE_PRODUCT = YES;
			};
			name = Release;
		};
		18468B0F22C25EAC00161145 /* Debug */ = {
			isa = XCBuildConfiguration;
			buildSettings = {
				ASSETCATALOG_COMPILER_APPICON_NAME = AppIcon;
				CODE_SIGN_STYLE = Automatic;
				INFOPLIST_FILE = ViewFinder/Info.plist;
				LD_RUNPATH_SEARCH_PATHS = (
					"$(inherited)",
					"@executable_path/Frameworks",
				);
				PRODUCT_BUNDLE_IDENTIFIER = CG.ViewFinder;
				PRODUCT_NAME = "$(TARGET_NAME)";
				SWIFT_VERSION = 5.0;
				TARGETED_DEVICE_FAMILY = "1,2";
			};
			name = Debug;
		};
		18468B1022C25EAC00161145 /* Release */ = {
			isa = XCBuildConfiguration;
			buildSettings = {
				ASSETCATALOG_COMPILER_APPICON_NAME = AppIcon;
				CODE_SIGN_STYLE = Automatic;
				INFOPLIST_FILE = ViewFinder/Info.plist;
				LD_RUNPATH_SEARCH_PATHS = (
					"$(inherited)",
					"@executable_path/Frameworks",
				);
				PRODUCT_BUNDLE_IDENTIFIER = CG.ViewFinder;
				PRODUCT_NAME = "$(TARGET_NAME)";
				SWIFT_VERSION = 5.0;
				TARGETED_DEVICE_FAMILY = "1,2";
			};
			name = Release;
		};
		18468B1222C25EAC00161145 /* Debug */ = {
			isa = XCBuildConfiguration;
			buildSettings = {
				ALWAYS_EMBED_SWIFT_STANDARD_LIBRARIES = YES;
				BUNDLE_LOADER = "$(TEST_HOST)";
				CODE_SIGN_STYLE = Automatic;
				INFOPLIST_FILE = ViewFinderTests/Info.plist;
				LD_RUNPATH_SEARCH_PATHS = (
					"$(inherited)",
					"@executable_path/Frameworks",
					"@loader_path/Frameworks",
				);
				PRODUCT_BUNDLE_IDENTIFIER = CG.ViewFinderTests;
				PRODUCT_NAME = "$(TARGET_NAME)";
				SWIFT_VERSION = 5.0;
				TARGETED_DEVICE_FAMILY = "1,2";
				TEST_HOST = "$(BUILT_PRODUCTS_DIR)/ViewFinder.app/ViewFinder";
			};
			name = Debug;
		};
		18468B1322C25EAC00161145 /* Release */ = {
			isa = XCBuildConfiguration;
			buildSettings = {
				ALWAYS_EMBED_SWIFT_STANDARD_LIBRARIES = YES;
				BUNDLE_LOADER = "$(TEST_HOST)";
				CODE_SIGN_STYLE = Automatic;
				INFOPLIST_FILE = ViewFinderTests/Info.plist;
				LD_RUNPATH_SEARCH_PATHS = (
					"$(inherited)",
					"@executable_path/Frameworks",
					"@loader_path/Frameworks",
				);
				PRODUCT_BUNDLE_IDENTIFIER = CG.ViewFinderTests;
				PRODUCT_NAME = "$(TARGET_NAME)";
				SWIFT_VERSION = 5.0;
				TARGETED_DEVICE_FAMILY = "1,2";
				TEST_HOST = "$(BUILT_PRODUCTS_DIR)/ViewFinder.app/ViewFinder";
			};
			name = Release;
		};
		18468B1522C25EAC00161145 /* Debug */ = {
			isa = XCBuildConfiguration;
			buildSettings = {
				ALWAYS_EMBED_SWIFT_STANDARD_LIBRARIES = YES;
				CODE_SIGN_STYLE = Automatic;
				INFOPLIST_FILE = ViewFinderUITests/Info.plist;
				LD_RUNPATH_SEARCH_PATHS = (
					"$(inherited)",
					"@executable_path/Frameworks",
					"@loader_path/Frameworks",
				);
				PRODUCT_BUNDLE_IDENTIFIER = CG.ViewFinderUITests;
				PRODUCT_NAME = "$(TARGET_NAME)";
				SWIFT_VERSION = 5.0;
				TARGETED_DEVICE_FAMILY = "1,2";
				TEST_TARGET_NAME = ViewFinder;
			};
			name = Debug;
		};
		18468B1622C25EAC00161145 /* Release */ = {
			isa = XCBuildConfiguration;
			buildSettings = {
				ALWAYS_EMBED_SWIFT_STANDARD_LIBRARIES = YES;
				CODE_SIGN_STYLE = Automatic;
				INFOPLIST_FILE = ViewFinderUITests/Info.plist;
				LD_RUNPATH_SEARCH_PATHS = (
					"$(inherited)",
					"@executable_path/Frameworks",
					"@loader_path/Frameworks",
				);
				PRODUCT_BUNDLE_IDENTIFIER = CG.ViewFinderUITests;
				PRODUCT_NAME = "$(TARGET_NAME)";
				SWIFT_VERSION = 5.0;
				TARGETED_DEVICE_FAMILY = "1,2";
				TEST_TARGET_NAME = ViewFinder;
			};
			name = Release;
		};
/* End XCBuildConfiguration section */

/* Begin XCConfigurationList section */
		18468ADE22C25EAB00161145 /* Build configuration list for PBXProject "ViewFinder" */ = {
			isa = XCConfigurationList;
			buildConfigurations = (
				18468B0C22C25EAC00161145 /* Debug */,
				18468B0D22C25EAC00161145 /* Release */,
			);
			defaultConfigurationIsVisible = 0;
			defaultConfigurationName = Release;
		};
		18468B0E22C25EAC00161145 /* Build configuration list for PBXNativeTarget "ViewFinder" */ = {
			isa = XCConfigurationList;
			buildConfigurations = (
				18468B0F22C25EAC00161145 /* Debug */,
				18468B1022C25EAC00161145 /* Release */,
			);
			defaultConfigurationIsVisible = 0;
			defaultConfigurationName = Release;
		};
		18468B1122C25EAC00161145 /* Build configuration list for PBXNativeTarget "ViewFinderTests" */ = {
			isa = XCConfigurationList;
			buildConfigurations = (
				18468B1222C25EAC00161145 /* Debug */,
				18468B1322C25EAC00161145 /* Release */,
			);
			defaultConfigurationIsVisible = 0;
			defaultConfigurationName = Release;
		};
		18468B1422C25EAC00161145 /* Build configuration list for PBXNativeTarget "ViewFinderUITests" */ = {
			isa = XCConfigurationList;
			buildConfigurations = (
				18468B1522C25EAC00161145 /* Debug */,
				18468B1622C25EAC00161145 /* Release */,
			);
			defaultConfigurationIsVisible = 0;
			defaultConfigurationName = Release;
		};
/* End XCConfigurationList section */

/* Begin XCVersionGroup section */
		18468AED22C25EAC00161145 /* ViewFinder.xcdatamodeld */ = {
			isa = XCVersionGroup;
			children = (
				18468AEE22C25EAC00161145 /* ViewFinder.xcdatamodel */,
			);
			currentVersion = 18468AEE22C25EAC00161145 /* ViewFinder.xcdatamodel */;
			path = ViewFinder.xcdatamodeld;
			sourceTree = "<group>";
			versionGroupType = wrapper.xcdatamodel;
		};
/* End XCVersionGroup section */
	};
	rootObject = 18468ADB22C25EAB00161145 /* Project object */;
}
